
Microsoft Visual Studio Solution File, Format Version 12.00
Project("{FAE04EC0-301F-11D3-BF4B-00C04F79EFBC}") = "ContactDoctor", "ContactDoctor\ContactDoctor.csproj", "{A1262698-4449-43BA-AFA8-6B5051330465}"
EndProject
Global
	GlobalSection(SolutionConfigurationPlatforms) = preSolution
		Debug|Any CPU = Debug|Any CPU
		Release|Any CPU = Release|Any CPU
	EndGlobalSection
	GlobalSection(ProjectConfigurationPlatforms) = postSolution
		{A1262698-4449-43BA-AFA8-6B5051330465}.Debug|Any CPU.ActiveCfg = Debug|Any CPU
		{A1262698-4449-43BA-AFA8-6B5051330465}.Debug|Any CPU.Build.0 = Debug|Any CPU
		{A1262698-4449-43BA-AFA8-6B5051330465}.Release|Any CPU.ActiveCfg = Release|Any CPU
		{A1262698-4449-43BA-AFA8-6B5051330465}.Release|Any CPU.Build.0 = Release|Any CPU
	EndGlobalSection
EndGlobal
